{
  "object": {
    "pins": [
      {
        "package": "Persistancy",
        "repositoryURL": "/Users/ricardo.gonzalez/Kod/Personal/Persistancy",
        "state": {
          "branch": null,
          "revision": "39e8651b5558e9d4e70049f86edd8aad8a490fd9",
          "version": "1.0.3"
        }
      },
      {
        "package": "llbuild",
        "repositoryURL": "https://github.com/apple/swift-llbuild.git",
        "state": {
          "branch": null,
          "revision": "f1c9ad9a253cdf1aa89a7f5c99c30b4513b06ddb",
          "version": "0.1.1"
        }
      },
      {
        "package": "SwiftPM",
        "repositoryURL": "https://github.com/apple/swift-package-manager.git",
        "state": {
          "branch": null,
          "revision": "8656a25cb906c1896339f950ac960ee1b4fe8034",
          "version": "0.4.0"
        }
      }
    ]
  },
  "version": 1
}
