// !$*UTF8*$!
{
	archiveVersion = 1;
	classes = {
	};
	objectVersion = 52;
	objects = {

/* Begin PBXBuildFile section */
		D43FA99622D0C8270029F529 /* Persistancy in Frameworks */ = {isa = PBXBuildFile; productRef = D43FA99522D0C8270029F529 /* Persistancy */; };
		D43FA99A22D0C8F70029F529 /* TrafikverketModel.swift in Sources */ = {isa = PBXBuildFile; fileRef = D43FA99922D0C8F70029F529 /* TrafikverketModel.swift */; };
		D43FA99C22D0C91B0029F529 /* Trafikverket.swift in Sources */ = {isa = PBXBuildFile; fileRef = D43FA99B22D0C91B0029F529 /* Trafikverket.swift */; };
		D43FA9A022D0CA010029F529 /* APIError.swift in Sources */ = {isa = PBXBuildFile; fileRef = D43FA99F22D0CA010029F529 /* APIError.swift */; };
		D43FA9A222D0CE8E0029F529 /* TrafikverketModel+Pretty.swift in Sources */ = {isa = PBXBuildFile; fileRef = D43FA9A122D0CE8E0029F529 /* TrafikverketModel+Pretty.swift */; };
		D43FA9A422D1D3CB0029F529 /* DRails.swift in Sources */ = {isa = PBXBuildFile; fileRef = D43FA9A322D1D3CB0029F529 /* DRails.swift */; };
		D43FA9A722D1D8780029F529 /* SPMUtility in Frameworks */ = {isa = PBXBuildFile; productRef = D43FA9A622D1D8780029F529 /* SPMUtility */; };
		D4A738DA22D0B4D9002F7BD6 /* main.swift in Sources */ = {isa = PBXBuildFile; fileRef = D4A738D922D0B4D9002F7BD6 /* main.swift */; };
/* End PBXBuildFile section */

/* Begin PBXCopyFilesBuildPhase section */
		D4A738D422D0B4D9002F7BD6 /* CopyFiles */ = {
			isa = PBXCopyFilesBuildPhase;
			buildActionMask = 2147483647;
			dstPath = /usr/share/man/man1/;
			dstSubfolderSpec = 0;
			files = (
			);
			runOnlyForDeploymentPostprocessing = 1;
		};
/* End PBXCopyFilesBuildPhase section */

/* Begin PBXFileReference section */
		D43FA99922D0C8F70029F529 /* TrafikverketModel.swift */ = {isa = PBXFileReference; fileEncoding = 4; lastKnownFileType = sourcecode.swift; path = TrafikverketModel.swift; sourceTree = "<group>"; };
		D43FA99B22D0C91B0029F529 /* Trafikverket.swift */ = {isa = PBXFileReference; fileEncoding = 4; lastKnownFileType = sourcecode.swift; path = Trafikverket.swift; sourceTree = "<group>"; };
		D43FA99F22D0CA010029F529 /* APIError.swift */ = {isa = PBXFileReference; fileEncoding = 4; lastKnownFileType = sourcecode.swift; path = APIError.swift; sourceTree = "<group>"; };
		D43FA9A122D0CE8E0029F529 /* TrafikverketModel+Pretty.swift */ = {isa = PBXFileReference; lastKnownFileType = sourcecode.swift; path = "TrafikverketModel+Pretty.swift"; sourceTree = "<group>"; };
		D43FA9A322D1D3CB0029F529 /* DRails.swift */ = {isa = PBXFileReference; lastKnownFileType = sourcecode.swift; path = DRails.swift; sourceTree = "<group>"; };
		D4A738D622D0B4D9002F7BD6 /* dRails */ = {isa = PBXFileReference; explicitFileType = "compiled.mach-o.executable"; includeInIndex = 0; path = dRails; sourceTree = BUILT_PRODUCTS_DIR; };
		D4A738D922D0B4D9002F7BD6 /* main.swift */ = {isa = PBXFileReference; lastKnownFileType = sourcecode.swift; path = main.swift; sourceTree = "<group>"; };
/* End PBXFileReference section */

/* Begin PBXFrameworksBuildPhase section */
		D4A738D322D0B4D9002F7BD6 /* Frameworks */ = {
			isa = PBXFrameworksBuildPhase;
			buildActionMask = 2147483647;
			files = (
				D43FA9A722D1D8780029F529 /* SPMUtility in Frameworks */,
				D43FA99622D0C8270029F529 /* Persistancy in Frameworks */,
			);
			runOnlyForDeploymentPostprocessing = 0;
		};
/* End PBXFrameworksBuildPhase section */

/* Begin PBXGroup section */
		D4A738CD22D0B4D9002F7BD6 = {
			isa = PBXGroup;
			children = (
				D4A738D822D0B4D9002F7BD6 /* dRails */,
				D4A738D722D0B4D9002F7BD6 /* Products */,
			);
			sourceTree = "<group>";
		};
		D4A738D722D0B4D9002F7BD6 /* Products */ = {
			isa = PBXGroup;
			children = (
				D4A738D622D0B4D9002F7BD6 /* dRails */,
			);
			name = Products;
			sourceTree = "<group>";
		};
		D4A738D822D0B4D9002F7BD6 /* dRails */ = {
			isa = PBXGroup;
			children = (
				D43FA99F22D0CA010029F529 /* APIError.swift */,
				D43FA99B22D0C91B0029F529 /* Trafikverket.swift */,
				D43FA99922D0C8F70029F529 /* TrafikverketModel.swift */,
				D43FA9A122D0CE8E0029F529 /* TrafikverketModel+Pretty.swift */,
				D43FA9A322D1D3CB0029F529 /* DRails.swift */,
				D4A738D922D0B4D9002F7BD6 /* main.swift */,
			);
			path = dRails;
			sourceTree = "<group>";
		};
/* End PBXGroup section */

/* Begin PBXNativeTarget section */
		D4A738D522D0B4D9002F7BD6 /* dRails */ = {
			isa = PBXNativeTarget;
			buildConfigurationList = D4A738DD22D0B4D9002F7BD6 /* Build configuration list for PBXNativeTarget "dRails" */;
			buildPhases = (
				D4A738D222D0B4D9002F7BD6 /* Sources */,
				D4A738D322D0B4D9002F7BD6 /* Frameworks */,
				D4A738D422D0B4D9002F7BD6 /* CopyFiles */,
				D43FA9A822D28EA30029F529 /* Swiftlint */,
			);
			buildRules = (
			);
			dependencies = (
			);
			name = dRails;
			packageProductDependencies = (
				D43FA99522D0C8270029F529 /* Persistancy */,
				D43FA9A622D1D8780029F529 /* SPMUtility */,
			);
			productName = dRails;
			productReference = D4A738D622D0B4D9002F7BD6 /* dRails */;
			productType = "com.apple.product-type.tool";
		};
/* End PBXNativeTarget section */

/* Begin PBXProject section */
		D4A738CE22D0B4D9002F7BD6 /* Project object */ = {
			isa = PBXProject;
			attributes = {
				LastSwiftUpdateCheck = 1100;
				LastUpgradeCheck = 1100;
				ORGANIZATIONNAME = "Ricardo Gonzalez";
				TargetAttributes = {
					D4A738D522D0B4D9002F7BD6 = {
						CreatedOnToolsVersion = 11.0;
					};
				};
			};
			buildConfigurationList = D4A738D122D0B4D9002F7BD6 /* Build configuration list for PBXProject "dRails" */;
			compatibilityVersion = "Xcode 9.3";
			developmentRegion = en;
			hasScannedForEncodings = 0;
			knownRegions = (
				en,
				Base,
			);
			mainGroup = D4A738CD22D0B4D9002F7BD6;
			packageReferences = (
				D43FA99422D0C8270029F529 /* XCRemoteSwiftPackageReference "Persistancy" */,
				D43FA9A522D1D8780029F529 /* XCRemoteSwiftPackageReference "swift-package-manager" */,
			);
			productRefGroup = D4A738D722D0B4D9002F7BD6 /* Products */;
			projectDirPath = "";
			projectRoot = "";
			targets = (
				D4A738D522D0B4D9002F7BD6 /* dRails */,
			);
		};
/* End PBXProject section */

/* Begin PBXShellScriptBuildPhase section */
		D43FA9A822D28EA30029F529 /* Swiftlint */ = {
			isa = PBXShellScriptBuildPhase;
			buildActionMask = 2147483647;
			files = (
			);
			inputFileListPaths = (
			);
			inputPaths = (
			);
			name = Swiftlint;
			outputFileListPaths = (
			);
			outputPaths = (
			);
			runOnlyForDeploymentPostprocessing = 0;
			shellPath = /bin/sh;
			shellScript = "# Type a script or drag a script file from your workspace to insert its path.\nswiftlint --strict\n";
		};
/* End PBXShellScriptBuildPhase section */

/* Begin PBXSourcesBuildPhase section */
		D4A738D222D0B4D9002F7BD6 /* Sources */ = {
			isa = PBXSourcesBuildPhase;
			buildActionMask = 2147483647;
			files = (
				D43FA9A422D1D3CB0029F529 /* DRails.swift in Sources */,
				D4A738DA22D0B4D9002F7BD6 /* main.swift in Sources */,
				D43FA9A022D0CA010029F529 /* APIError.swift in Sources */,
				D43FA99A22D0C8F70029F529 /* TrafikverketModel.swift in Sources */,
				D43FA9A222D0CE8E0029F529 /* TrafikverketModel+Pretty.swift in Sources */,
				D43FA99C22D0C91B0029F529 /* Trafikverket.swift in Sources */,
			);
			runOnlyForDeploymentPostprocessing = 0;
		};
/* End PBXSourcesBuildPhase section */

/* Begin XCBuildConfiguration section */
		D4A738DB22D0B4D9002F7BD6 /* Debug */ = {
			isa = XCBuildConfiguration;
			buildSettings = {
				ALWAYS_SEARCH_USER_PATHS = NO;
				CLANG_ANALYZER_NONNULL = YES;
				CLANG_ANALYZER_NUMBER_OBJECT_CONVERSION = YES_AGGRESSIVE;
				CLANG_CXX_LANGUAGE_STANDARD = "gnu++14";
				CLANG_CXX_LIBRARY = "libc++";
				CLANG_ENABLE_MODULES = YES;
				CLANG_ENABLE_OBJC_ARC = YES;
				CLANG_ENABLE_OBJC_WEAK = YES;
				CLANG_WARN_BLOCK_CAPTURE_AUTORELEASING = YES;
				CLANG_WARN_BOOL_CONVERSION = YES;
				CLANG_WARN_COMMA = YES;
				CLANG_WARN_CONSTANT_CONVERSION = YES;
				CLANG_WARN_DEPRECATED_OBJC_IMPLEMENTATIONS = YES;
				CLANG_WARN_DIRECT_OBJC_ISA_USAGE = YES_ERROR;
				CLANG_WARN_DOCUMENTATION_COMMENTS = YES;
				CLANG_WARN_EMPTY_BODY = YES;
				CLANG_WARN_ENUM_CONVERSION = YES;
				CLANG_WARN_INFINITE_RECURSION = YES;
				CLANG_WARN_INT_CONVERSION = YES;
				CLANG_WARN_NON_LITERAL_NULL_CONVERSION = YES;
				CLANG_WARN_OBJC_IMPLICIT_RETAIN_SELF = YES;
				CLANG_WARN_OBJC_LITERAL_CONVERSION = YES;
				CLANG_WARN_OBJC_ROOT_CLASS = YES_ERROR;
				CLANG_WARN_RANGE_LOOP_ANALYSIS = YES;
				CLANG_WARN_STRICT_PROTOTYPES = YES;
				CLANG_WARN_SUSPICIOUS_MOVE = YES;
				CLANG_WARN_UNGUARDED_AVAILABILITY = YES_AGGRESSIVE;
				CLANG_WARN_UNREACHABLE_CODE = YES;
				CLANG_WARN__DUPLICATE_METHOD_MATCH = YES;
				COPY_PHASE_STRIP = NO;
				DEBUG_INFORMATION_FORMAT = dwarf;
				ENABLE_STRICT_OBJC_MSGSEND = YES;
				ENABLE_TESTABILITY = YES;
				GCC_C_LANGUAGE_STANDARD = gnu11;
				GCC_DYNAMIC_NO_PIC = NO;
				GCC_NO_COMMON_BLOCKS = YES;
				GCC_OPTIMIZATION_LEVEL = 0;
				GCC_PREPROCESSOR_DEFINITIONS = (
					"DEBUG=1",
					"$(inherited)",
				);
				GCC_WARN_64_TO_32_BIT_CONVERSION = YES;
				GCC_WARN_ABOUT_RETURN_TYPE = YES_ERROR;
				GCC_WARN_UNDECLARED_SELECTOR = YES;
				GCC_WARN_UNINITIALIZED_AUTOS = YES_AGGRESSIVE;
				GCC_WARN_UNUSED_FUNCTION = YES;
				GCC_WARN_UNUSED_VARIABLE = YES;
				MACOSX_DEPLOYMENT_TARGET = 10.14;
				MTL_ENABLE_DEBUG_INFO = INCLUDE_SOURCE;
				MTL_FAST_MATH = YES;
				ONLY_ACTIVE_ARCH = YES;
				SDKROOT = macosx;
				SWIFT_ACTIVE_COMPILATION_CONDITIONS = DEBUG;
				SWIFT_OPTIMIZATION_LEVEL = "-Onone";
			};
			name = Debug;
		};
		D4A738DC22D0B4D9002F7BD6 /* Release */ = {
			isa = XCBuildConfiguration;
			buildSettings = {
				ALWAYS_SEARCH_USER_PATHS = NO;
				CLANG_ANALYZER_NONNULL = YES;
				CLANG_ANALYZER_NUMBER_OBJECT_CONVERSION = YES_AGGRESSIVE;
				CLANG_CXX_LANGUAGE_STANDARD = "gnu++14";
				CLANG_CXX_LIBRARY = "libc++";
				CLANG_ENABLE_MODULES = YES;
				CLANG_ENABLE_OBJC_ARC = YES;
				CLANG_ENABLE_OBJC_WEAK = YES;
				CLANG_WARN_BLOCK_CAPTURE_AUTORELEASING = YES;
				CLANG_WARN_BOOL_CONVERSION = YES;
				CLANG_WARN_COMMA = YES;
				CLANG_WARN_CONSTANT_CONVERSION = YES;
				CLANG_WARN_DEPRECATED_OBJC_IMPLEMENTATIONS = YES;
				CLANG_WARN_DIRECT_OBJC_ISA_USAGE = YES_ERROR;
				CLANG_WARN_DOCUMENTATION_COMMENTS = YES;
				CLANG_WARN_EMPTY_BODY = YES;
				CLANG_WARN_ENUM_CONVERSION = YES;
				CLANG_WARN_INFINITE_RECURSION = YES;
				CLANG_WARN_INT_CONVERSION = YES;
				CLANG_WARN_NON_LITERAL_NULL_CONVERSION = YES;
				CLANG_WARN_OBJC_IMPLICIT_RETAIN_SELF = YES;
				CLANG_WARN_OBJC_LITERAL_CONVERSION = YES;
				CLANG_WARN_OBJC_ROOT_CLASS = YES_ERROR;
				CLANG_WARN_RANGE_LOOP_ANALYSIS = YES;
				CLANG_WARN_STRICT_PROTOTYPES = YES;
				CLANG_WARN_SUSPICIOUS_MOVE = YES;
				CLANG_WARN_UNGUARDED_AVAILABILITY = YES_AGGRESSIVE;
				CLANG_WARN_UNREACHABLE_CODE = YES;
				CLANG_WARN__DUPLICATE_METHOD_MATCH = YES;
				COPY_PHASE_STRIP = NO;
				DEBUG_INFORMATION_FORMAT = "dwarf-with-dsym";
				ENABLE_NS_ASSERTIONS = NO;
				ENABLE_STRICT_OBJC_MSGSEND = YES;
				GCC_C_LANGUAGE_STANDARD = gnu11;
				GCC_NO_COMMON_BLOCKS = YES;
				GCC_WARN_64_TO_32_BIT_CONVERSION = YES;
				GCC_WARN_ABOUT_RETURN_TYPE = YES_ERROR;
				GCC_WARN_UNDECLARED_SELECTOR = YES;
				GCC_WARN_UNINITIALIZED_AUTOS = YES_AGGRESSIVE;
				GCC_WARN_UNUSED_FUNCTION = YES;
				GCC_WARN_UNUSED_VARIABLE = YES;
				MACOSX_DEPLOYMENT_TARGET = 10.14;
				MTL_ENABLE_DEBUG_INFO = NO;
				MTL_FAST_MATH = YES;
				SDKROOT = macosx;
				SWIFT_COMPILATION_MODE = wholemodule;
				SWIFT_OPTIMIZATION_LEVEL = "-O";
			};
			name = Release;
		};
		D4A738DE22D0B4D9002F7BD6 /* Debug */ = {
			isa = XCBuildConfiguration;
			buildSettings = {
				CODE_SIGN_STYLE = Automatic;
				DEVELOPMENT_TEAM = 2HC77M2KFF;
				ENABLE_HARDENED_RUNTIME = YES;
				PRODUCT_NAME = "$(TARGET_NAME)";
				SWIFT_VERSION = 5.0;
			};
			name = Debug;
		};
		D4A738DF22D0B4D9002F7BD6 /* Release */ = {
			isa = XCBuildConfiguration;
			buildSettings = {
				CODE_SIGN_STYLE = Automatic;
				DEVELOPMENT_TEAM = 2HC77M2KFF;
				ENABLE_HARDENED_RUNTIME = YES;
				PRODUCT_NAME = "$(TARGET_NAME)";
				SWIFT_VERSION = 5.0;
			};
			name = Release;
		};
/* End XCBuildConfiguration section */

/* Begin XCConfigurationList section */
		D4A738D122D0B4D9002F7BD6 /* Build configuration list for PBXProject "dRails" */ = {
			isa = XCConfigurationList;
			buildConfigurations = (
				D4A738DB22D0B4D9002F7BD6 /* Debug */,
				D4A738DC22D0B4D9002F7BD6 /* Release */,
			);
			defaultConfigurationIsVisible = 0;
			defaultConfigurationName = Release;
		};
		D4A738DD22D0B4D9002F7BD6 /* Build configuration list for PBXNativeTarget "dRails" */ = {
			isa = XCConfigurationList;
			buildConfigurations = (
				D4A738DE22D0B4D9002F7BD6 /* Debug */,
				D4A738DF22D0B4D9002F7BD6 /* Release */,
			);
			defaultConfigurationIsVisible = 0;
			defaultConfigurationName = Release;
		};
/* End XCConfigurationList section */

/* Begin XCRemoteSwiftPackageReference section */
		D43FA99422D0C8270029F529 /* XCRemoteSwiftPackageReference "Persistancy" */ = {
			isa = XCRemoteSwiftPackageReference;
			repositoryURL = "file:///Users/ricardo.gonzalez/Kod/Personal/Persistancy";
			requirement = {
				kind = upToNextMajorVersion;
				minimumVersion = 1.0.0;
			};
		};
		D43FA9A522D1D8780029F529 /* XCRemoteSwiftPackageReference "swift-package-manager" */ = {
			isa = XCRemoteSwiftPackageReference;
			repositoryURL = "https://github.com/apple/swift-package-manager.git";
			requirement = {
				kind = upToNextMajorVersion;
				minimumVersion = 0.4.0;
			};
		};
/* End XCRemoteSwiftPackageReference section */

/* Begin XCSwiftPackageProductDependency section */
		D43FA99522D0C8270029F529 /* Persistancy */ = {
			isa = XCSwiftPackageProductDependency;
			package = D43FA99422D0C8270029F529 /* XCRemoteSwiftPackageReference "Persistancy" */;
			productName = Persistancy;
		};
		D43FA9A622D1D8780029F529 /* SPMUtility */ = {
			isa = XCSwiftPackageProductDependency;
			package = D43FA9A522D1D8780029F529 /* XCRemoteSwiftPackageReference "swift-package-manager" */;
			productName = SPMUtility;
		};
/* End XCSwiftPackageProductDependency section */
	};
	rootObject = D4A738CE22D0B4D9002F7BD6 /* Project object */;
}
